
Microsoft Visual Studio Solution File, Format Version 12.00
# Visual Studio 15
VisualStudioVersion = 15.0.26228.9
MinimumVisualStudioVersion = 10.0.40219.1
Project("{FAE04EC0-301F-11D3-BF4B-00C04F79EFBC}") = "RaD.Trees", "RaD.Trees\RaD.Trees.csproj", "{34705BBF-5D20-4773-9C81-A074F9B0393E}"
EndProject
Global
	GlobalSection(SolutionConfigurationPlatforms) = preSolution
		Debug|Any CPU = Debug|Any CPU
		Release|Any CPU = Release|Any CPU
	EndGlobalSection
	GlobalSection(ProjectConfigurationPlatforms) = postSolution
		{34705BBF-5D20-4773-9C81-A074F9B0393E}.Debug|Any CPU.ActiveCfg = Debug|Any CPU
		{34705BBF-5D20-4773-9C81-A074F9B0393E}.Debug|Any CPU.Build.0 = Debug|Any CPU
		{34705BBF-5D20-4773-9C81-A074F9B0393E}.Release|Any CPU.ActiveCfg = Release|Any CPU
		{34705BBF-5D20-4773-9C81-A074F9B0393E}.Release|Any CPU.Build.0 = Release|Any CPU
	EndGlobalSection
	GlobalSection(SolutionProperties) = preSolution
		HideSolutionNode = FALSE
	EndGlobalSection
EndGlobal
